
Microsoft Visual Studio Solution File, Format Version 12.00
# Visual Studio 15
VisualStudioVersion = 15.0.27428.2005
MinimumVisualStudioVersion = 10.0.40219.1
Project("{FAE04EC0-301F-11D3-BF4B-00C04F79EFBC}") = "ConsoleApp1", "ConsoleApp1\ConsoleApp1.csproj", "{C3F88900-4F99-4036-9E56-99B58EB2EDB6}"
EndProject
Project("{FAE04EC0-301F-11D3-BF4B-00C04F79EFBC}") = "dal", "dal\dal.csproj", "{171251D3-6600-41C3-8BF7-18AA72CC5CE4}"
EndProject
Project("{FAE04EC0-301F-11D3-BF4B-00C04F79EFBC}") = "bll", "bll\bll.csproj", "{08CFEB3B-115E-4872-AB9E-CDAE1E518EDB}"
EndProject
Project("{FAE04EC0-301F-11D3-BF4B-00C04F79EFBC}") = "comon", "comon\comon.csproj", "{04B15190-883D-449D-9C7E-95A90FB08ACE}"
EndProject
Global
	GlobalSection(SolutionConfigurationPlatforms) = preSolution
		Debug|Any CPU = Debug|Any CPU
		Release|Any CPU = Release|Any CPU
	EndGlobalSection
	GlobalSection(ProjectConfigurationPlatforms) = postSolution
		{C3F88900-4F99-4036-9E56-99B58EB2EDB6}.Debug|Any CPU.ActiveCfg = Debug|Any CPU
		{C3F88900-4F99-4036-9E56-99B58EB2EDB6}.Debug|Any CPU.Build.0 = Debug|Any CPU
		{C3F88900-4F99-4036-9E56-99B58EB2EDB6}.Release|Any CPU.ActiveCfg = Release|Any CPU
		{C3F88900-4F99-4036-9E56-99B58EB2EDB6}.Release|Any CPU.Build.0 = Release|Any CPU
		{171251D3-6600-41C3-8BF7-18AA72CC5CE4}.Debug|Any CPU.ActiveCfg = Debug|Any CPU
		{171251D3-6600-41C3-8BF7-18AA72CC5CE4}.Debug|Any CPU.Build.0 = Debug|Any CPU
		{171251D3-6600-41C3-8BF7-18AA72CC5CE4}.Release|Any CPU.ActiveCfg = Release|Any CPU
		{171251D3-6600-41C3-8BF7-18AA72CC5CE4}.Release|Any CPU.Build.0 = Release|Any CPU
		{08CFEB3B-115E-4872-AB9E-CDAE1E518EDB}.Debug|Any CPU.ActiveCfg = Debug|Any CPU
		{08CFEB3B-115E-4872-AB9E-CDAE1E518EDB}.Debug|Any CPU.Build.0 = Debug|Any CPU
		{08CFEB3B-115E-4872-AB9E-CDAE1E518EDB}.Release|Any CPU.ActiveCfg = Release|Any CPU
		{08CFEB3B-115E-4872-AB9E-CDAE1E518EDB}.Release|Any CPU.Build.0 = Release|Any CPU
		{04B15190-883D-449D-9C7E-95A90FB08ACE}.Debug|Any CPU.ActiveCfg = Debug|Any CPU
		{04B15190-883D-449D-9C7E-95A90FB08ACE}.Debug|Any CPU.Build.0 = Debug|Any CPU
		{04B15190-883D-449D-9C7E-95A90FB08ACE}.Release|Any CPU.ActiveCfg = Release|Any CPU
		{04B15190-883D-449D-9C7E-95A90FB08ACE}.Release|Any CPU.Build.0 = Release|Any CPU
	EndGlobalSection
	GlobalSection(SolutionProperties) = preSolution
		HideSolutionNode = FALSE
	EndGlobalSection
	GlobalSection(ExtensibilityGlobals) = postSolution
		SolutionGuid = {53BEAE75-BBE2-4BC7-8B1C-769FE30FF87F}
	EndGlobalSection
EndGlobal
